github.com/ardanlabs/conf/v3 v3.7.1 h1:GIV7ylesF/0NexhnJdLmzsi2NIVYY2wVhR0UfvpmAeQ=
github.com/ardanlabs/conf/v3 v3.7.1/go.mod h1:IIucqD+601gt3jfhMXVukxoT16LnoGVd2DzRC2GhHiA=
github.com/arl/statsviz v0.6.0 h1:jbW1QJkEYQkufd//4NDYRSNBpwJNrdzPahF7ZmoGdyE=
github.com/arl/statsviz v0.6.0/go.mod h1:0toboo+YGSUXDaS4g1D5TVS4dXs7S7YYT5J/qnW2h8s=
github.com/google/uuid v1.6.0 h1:NIvaJDMOsjHA8n1jAhLSgzrAzy1Hgr+hNrb57e+94F0=
github.com/google/uuid v1.6.0/go.mod h1:TIyPZe4MgqvfeYDBFedMoGGpEw/LqOeaOT+nhxU+yHo=
github.com/gorilla/websocket v1.5.0 h1:PPwGk2jz7EePpoHN/+ClbZu8SPxiqlu12wZP/3sWmnc=
github.com/gorilla/websocket v1.5.0/go.mod h1:YR8l580nyteQvAITg2hZ9XVh4b55+EU/adAjf1fMHhE=
golang.org/x/text v0.23.0 h1:D71I7dUrlY+VX0gQShAThNGHFxZ13dGLBHQLVl1mJlY=
golang.org/x/text v0.23.0/go.mod h1:/BLNzu4aZCJ1+kcD0DNRotWKage4q2rGVAg4o22unh4=
